
Microsoft Visual Studio Solution File, Format Version 12.00
# Visual Studio Version 17
VisualStudioVersion = 17.10.35122.118
MinimumVisualStudioVersion = 10.0.40219.1
Project("{FAE04EC0-301F-11D3-BF4B-00C04F79EFBC}") = "Queues", "Queues\Queues.csproj", "{4270DED4-01AE-446D-822F-DA061589D834}"
EndProject
Global
	GlobalSection(SolutionConfigurationPlatforms) = preSolution
		Debug|Any CPU = Debug|Any CPU
		Release|Any CPU = Release|Any CPU
	EndGlobalSection
	GlobalSection(ProjectConfigurationPlatforms) = postSolution
		{4270DED4-01AE-446D-822F-DA061589D834}.Debug|Any CPU.ActiveCfg = Debug|Any CPU
		{4270DED4-01AE-446D-822F-DA061589D834}.Debug|Any CPU.Build.0 = Debug|Any CPU
		{4270DED4-01AE-446D-822F-DA061589D834}.Release|Any CPU.ActiveCfg = Release|Any CPU
		{4270DED4-01AE-446D-822F-DA061589D834}.Release|Any CPU.Build.0 = Release|Any CPU
	EndGlobalSection
	GlobalSection(SolutionProperties) = preSolution
		HideSolutionNode = FALSE
	EndGlobalSection
	GlobalSection(ExtensibilityGlobals) = postSolution
		SolutionGuid = {B523121C-D2DD-47E9-B750-477396AFEF2F}
	EndGlobalSection
EndGlobal
